
Microsoft Visual Studio Solution File, Format Version 12.00
# Visual Studio 15
VisualStudioVersion = 15.0.27703.2035
MinimumVisualStudioVersion = 10.0.40219.1
Project("{FAE04EC0-301F-11D3-BF4B-00C04F79EFBC}") = "Game2", "Game2\Game2.csproj", "{68B21C1A-C357-451F-920F-35478C3A654C}"
EndProject
Global
	GlobalSection(SolutionConfigurationPlatforms) = preSolution
		Debug|Any CPU = Debug|Any CPU
		Release|Any CPU = Release|Any CPU
	EndGlobalSection
	GlobalSection(ProjectConfigurationPlatforms) = postSolution
		{68B21C1A-C357-451F-920F-35478C3A654C}.Debug|Any CPU.ActiveCfg = Debug|Any CPU
		{68B21C1A-C357-451F-920F-35478C3A654C}.Debug|Any CPU.Build.0 = Debug|Any CPU
		{68B21C1A-C357-451F-920F-35478C3A654C}.Release|Any CPU.ActiveCfg = Release|Any CPU
		{68B21C1A-C357-451F-920F-35478C3A654C}.Release|Any CPU.Build.0 = Release|Any CPU
	EndGlobalSection
	GlobalSection(SolutionProperties) = preSolution
		HideSolutionNode = FALSE
	EndGlobalSection
	GlobalSection(ExtensibilityGlobals) = postSolution
		SolutionGuid = {D0CBC65F-95C8-4566-83AE-AAD3B3C29401}
	EndGlobalSection
EndGlobal
