
Microsoft Visual Studio Solution File, Format Version 12.00
# Visual Studio 15
VisualStudioVersion = 15.0.28307.271
MinimumVisualStudioVersion = 10.0.40219.1
Project("{FAE04EC0-301F-11D3-BF4B-00C04F79EFBC}") = "EmptyTemplateMonoExtended", "EmptyTemplateMonoExtended\EmptyTemplateMonoExtended.csproj", "{06648CED-A5B2-413B-90A9-04B8244D3A64}"
EndProject
Global
	GlobalSection(SolutionConfigurationPlatforms) = preSolution
		Debug|Any CPU = Debug|Any CPU
		Release|Any CPU = Release|Any CPU
	EndGlobalSection
	GlobalSection(ProjectConfigurationPlatforms) = postSolution
		{06648CED-A5B2-413B-90A9-04B8244D3A64}.Debug|Any CPU.ActiveCfg = Debug|Any CPU
		{06648CED-A5B2-413B-90A9-04B8244D3A64}.Debug|Any CPU.Build.0 = Debug|Any CPU
		{06648CED-A5B2-413B-90A9-04B8244D3A64}.Release|Any CPU.ActiveCfg = Release|Any CPU
		{06648CED-A5B2-413B-90A9-04B8244D3A64}.Release|Any CPU.Build.0 = Release|Any CPU
	EndGlobalSection
	GlobalSection(SolutionProperties) = preSolution
		HideSolutionNode = FALSE
	EndGlobalSection
	GlobalSection(ExtensibilityGlobals) = postSolution
		SolutionGuid = {5C994AD2-F576-4783-9397-92B041457C96}
	EndGlobalSection
EndGlobal
