
Microsoft Visual Studio Solution File, Format Version 12.00
# Visual Studio 15
VisualStudioVersion = 15.0.28307.168
MinimumVisualStudioVersion = 10.0.40219.1
Project("{FAE04EC0-301F-11D3-BF4B-00C04F79EFBC}") = "SpaceShooterGame", "SpaceShooterGame\SpaceShooterGame.csproj", "{3F32EBC6-59F6-490F-A012-08046C560D08}"
EndProject
Global
	GlobalSection(SolutionConfigurationPlatforms) = preSolution
		Debug|Any CPU = Debug|Any CPU
		Release|Any CPU = Release|Any CPU
	EndGlobalSection
	GlobalSection(ProjectConfigurationPlatforms) = postSolution
		{3F32EBC6-59F6-490F-A012-08046C560D08}.Debug|Any CPU.ActiveCfg = Debug|Any CPU
		{3F32EBC6-59F6-490F-A012-08046C560D08}.Debug|Any CPU.Build.0 = Debug|Any CPU
		{3F32EBC6-59F6-490F-A012-08046C560D08}.Release|Any CPU.ActiveCfg = Release|Any CPU
		{3F32EBC6-59F6-490F-A012-08046C560D08}.Release|Any CPU.Build.0 = Release|Any CPU
	EndGlobalSection
	GlobalSection(SolutionProperties) = preSolution
		HideSolutionNode = FALSE
	EndGlobalSection
	GlobalSection(ExtensibilityGlobals) = postSolution
		SolutionGuid = {AC1AB8DB-1F99-4818-95AD-BC4FFCB117D9}
	EndGlobalSection
EndGlobal
