
Microsoft Visual Studio Solution File, Format Version 12.00
# Visual Studio 15
VisualStudioVersion = 15.0.28307.168
MinimumVisualStudioVersion = 10.0.40219.1
Project("{FAE04EC0-301F-11D3-BF4B-00C04F79EFBC}") = "StoreHighscoresXML", "StoreHighscoresXML\StoreHighscoresXML.csproj", "{D8D3F1E1-3388-4C65-9411-138EF0D9CFA4}"
EndProject
Global
	GlobalSection(SolutionConfigurationPlatforms) = preSolution
		Debug|Any CPU = Debug|Any CPU
		Release|Any CPU = Release|Any CPU
	EndGlobalSection
	GlobalSection(ProjectConfigurationPlatforms) = postSolution
		{D8D3F1E1-3388-4C65-9411-138EF0D9CFA4}.Debug|Any CPU.ActiveCfg = Debug|Any CPU
		{D8D3F1E1-3388-4C65-9411-138EF0D9CFA4}.Debug|Any CPU.Build.0 = Debug|Any CPU
		{D8D3F1E1-3388-4C65-9411-138EF0D9CFA4}.Release|Any CPU.ActiveCfg = Release|Any CPU
		{D8D3F1E1-3388-4C65-9411-138EF0D9CFA4}.Release|Any CPU.Build.0 = Release|Any CPU
	EndGlobalSection
	GlobalSection(SolutionProperties) = preSolution
		HideSolutionNode = FALSE
	EndGlobalSection
	GlobalSection(ExtensibilityGlobals) = postSolution
		SolutionGuid = {92035E5E-4FC2-44BD-8572-9E10BA55ED5C}
	EndGlobalSection
EndGlobal
