
Microsoft Visual Studio Solution File, Format Version 12.00
# Visual Studio 15
VisualStudioVersion = 15.0.27703.2035
MinimumVisualStudioVersion = 10.0.40219.1
Project("{FAE04EC0-301F-11D3-BF4B-00C04F79EFBC}") = "Game1", "Game1\Game1.csproj", "{934AAA2E-29AE-4E03-80F1-A995850F5577}"
EndProject
Global
	GlobalSection(SolutionConfigurationPlatforms) = preSolution
		Debug|Any CPU = Debug|Any CPU
		Release|Any CPU = Release|Any CPU
	EndGlobalSection
	GlobalSection(ProjectConfigurationPlatforms) = postSolution
		{934AAA2E-29AE-4E03-80F1-A995850F5577}.Debug|Any CPU.ActiveCfg = Debug|Any CPU
		{934AAA2E-29AE-4E03-80F1-A995850F5577}.Debug|Any CPU.Build.0 = Debug|Any CPU
		{934AAA2E-29AE-4E03-80F1-A995850F5577}.Release|Any CPU.ActiveCfg = Release|Any CPU
		{934AAA2E-29AE-4E03-80F1-A995850F5577}.Release|Any CPU.Build.0 = Release|Any CPU
	EndGlobalSection
	GlobalSection(SolutionProperties) = preSolution
		HideSolutionNode = FALSE
	EndGlobalSection
	GlobalSection(ExtensibilityGlobals) = postSolution
		SolutionGuid = {38B5BCE9-4B6F-44DD-87D6-B8AB074B8079}
	EndGlobalSection
EndGlobal
