
Microsoft Visual Studio Solution File, Format Version 12.00
# Visual Studio 15
VisualStudioVersion = 15.0.28307.168
MinimumVisualStudioVersion = 10.0.40219.1
Project("{FAE04EC0-301F-11D3-BF4B-00C04F79EFBC}") = "Per-PixelCollisionDetection", "Per-PixelCollisionDetection\Per-PixelCollisionDetection.csproj", "{32E4EC36-9C26-4ED4-8299-784C408B011E}"
EndProject
Global
	GlobalSection(SolutionConfigurationPlatforms) = preSolution
		Debug|Any CPU = Debug|Any CPU
		Release|Any CPU = Release|Any CPU
	EndGlobalSection
	GlobalSection(ProjectConfigurationPlatforms) = postSolution
		{32E4EC36-9C26-4ED4-8299-784C408B011E}.Debug|Any CPU.ActiveCfg = Debug|Any CPU
		{32E4EC36-9C26-4ED4-8299-784C408B011E}.Debug|Any CPU.Build.0 = Debug|Any CPU
		{32E4EC36-9C26-4ED4-8299-784C408B011E}.Release|Any CPU.ActiveCfg = Release|Any CPU
		{32E4EC36-9C26-4ED4-8299-784C408B011E}.Release|Any CPU.Build.0 = Release|Any CPU
	EndGlobalSection
	GlobalSection(SolutionProperties) = preSolution
		HideSolutionNode = FALSE
	EndGlobalSection
	GlobalSection(ExtensibilityGlobals) = postSolution
		SolutionGuid = {83CBD19B-8393-48D0-968A-03294D80271F}
	EndGlobalSection
EndGlobal
