
Microsoft Visual Studio Solution File, Format Version 12.00
# Visual Studio 15
VisualStudioVersion = 15.0.27703.2035
MinimumVisualStudioVersion = 10.0.40219.1
Project("{FAE04EC0-301F-11D3-BF4B-00C04F79EFBC}") = "NEW TUTO 3", "NEW TUTO 3\NEW TUTO 3.csproj", "{B3CF4F78-21A4-4925-8CA0-D333252F716D}"
EndProject
Global
	GlobalSection(SolutionConfigurationPlatforms) = preSolution
		Debug|Any CPU = Debug|Any CPU
		Release|Any CPU = Release|Any CPU
	EndGlobalSection
	GlobalSection(ProjectConfigurationPlatforms) = postSolution
		{B3CF4F78-21A4-4925-8CA0-D333252F716D}.Debug|Any CPU.ActiveCfg = Debug|Any CPU
		{B3CF4F78-21A4-4925-8CA0-D333252F716D}.Debug|Any CPU.Build.0 = Debug|Any CPU
		{B3CF4F78-21A4-4925-8CA0-D333252F716D}.Release|Any CPU.ActiveCfg = Release|Any CPU
		{B3CF4F78-21A4-4925-8CA0-D333252F716D}.Release|Any CPU.Build.0 = Release|Any CPU
	EndGlobalSection
	GlobalSection(SolutionProperties) = preSolution
		HideSolutionNode = FALSE
	EndGlobalSection
	GlobalSection(ExtensibilityGlobals) = postSolution
		SolutionGuid = {FE448005-F18F-4E83-8EE7-B64C634F4960}
	EndGlobalSection
EndGlobal
