
Microsoft Visual Studio Solution File, Format Version 12.00
# Visual Studio 15
VisualStudioVersion = 15.0.27703.2035
MinimumVisualStudioVersion = 10.0.40219.1
Project("{FAE04EC0-301F-11D3-BF4B-00C04F79EFBC}") = "TUTO2", "TUTO2\TUTO2.csproj", "{B1B3D90C-A9C0-4D6E-AAEB-B5CD3854371E}"
EndProject
Global
	GlobalSection(SolutionConfigurationPlatforms) = preSolution
		Debug|Any CPU = Debug|Any CPU
		Release|Any CPU = Release|Any CPU
	EndGlobalSection
	GlobalSection(ProjectConfigurationPlatforms) = postSolution
		{B1B3D90C-A9C0-4D6E-AAEB-B5CD3854371E}.Debug|Any CPU.ActiveCfg = Debug|Any CPU
		{B1B3D90C-A9C0-4D6E-AAEB-B5CD3854371E}.Debug|Any CPU.Build.0 = Debug|Any CPU
		{B1B3D90C-A9C0-4D6E-AAEB-B5CD3854371E}.Release|Any CPU.ActiveCfg = Release|Any CPU
		{B1B3D90C-A9C0-4D6E-AAEB-B5CD3854371E}.Release|Any CPU.Build.0 = Release|Any CPU
	EndGlobalSection
	GlobalSection(SolutionProperties) = preSolution
		HideSolutionNode = FALSE
	EndGlobalSection
	GlobalSection(ExtensibilityGlobals) = postSolution
		SolutionGuid = {388AB5D5-E7D6-43E2-9AAD-C94B2EDEF50B}
	EndGlobalSection
EndGlobal
