
Microsoft Visual Studio Solution File, Format Version 12.00
# Visual Studio 15
VisualStudioVersion = 15.0.28307.168
MinimumVisualStudioVersion = 10.0.40219.1
Project("{FAE04EC0-301F-11D3-BF4B-00C04F79EFBC}") = "2DPlateform", "2DPlateform\2DPlateform.csproj", "{C12304CA-9D40-495A-8416-57A8B0103642}"
EndProject
Global
	GlobalSection(SolutionConfigurationPlatforms) = preSolution
		Debug|Any CPU = Debug|Any CPU
		Release|Any CPU = Release|Any CPU
	EndGlobalSection
	GlobalSection(ProjectConfigurationPlatforms) = postSolution
		{C12304CA-9D40-495A-8416-57A8B0103642}.Debug|Any CPU.ActiveCfg = Debug|Any CPU
		{C12304CA-9D40-495A-8416-57A8B0103642}.Debug|Any CPU.Build.0 = Debug|Any CPU
		{C12304CA-9D40-495A-8416-57A8B0103642}.Release|Any CPU.ActiveCfg = Release|Any CPU
		{C12304CA-9D40-495A-8416-57A8B0103642}.Release|Any CPU.Build.0 = Release|Any CPU
	EndGlobalSection
	GlobalSection(SolutionProperties) = preSolution
		HideSolutionNode = FALSE
	EndGlobalSection
	GlobalSection(ExtensibilityGlobals) = postSolution
		SolutionGuid = {389E8700-A70D-4B65-B9C4-3DBD065C2164}
	EndGlobalSection
EndGlobal
