
Microsoft Visual Studio Solution File, Format Version 12.00
# Visual Studio 15
VisualStudioVersion = 15.0.27703.2035
MinimumVisualStudioVersion = 10.0.40219.1
Project("{FAE04EC0-301F-11D3-BF4B-00C04F79EFBC}") = "InputWrapperClass", "InputWrapperClass\InputWrapperClass.csproj", "{A106BD94-5945-478C-9EAD-8F6D78C86E3D}"
EndProject
Global
	GlobalSection(SolutionConfigurationPlatforms) = preSolution
		Debug|Any CPU = Debug|Any CPU
		Release|Any CPU = Release|Any CPU
	EndGlobalSection
	GlobalSection(ProjectConfigurationPlatforms) = postSolution
		{A106BD94-5945-478C-9EAD-8F6D78C86E3D}.Debug|Any CPU.ActiveCfg = Debug|Any CPU
		{A106BD94-5945-478C-9EAD-8F6D78C86E3D}.Debug|Any CPU.Build.0 = Debug|Any CPU
		{A106BD94-5945-478C-9EAD-8F6D78C86E3D}.Release|Any CPU.ActiveCfg = Release|Any CPU
		{A106BD94-5945-478C-9EAD-8F6D78C86E3D}.Release|Any CPU.Build.0 = Release|Any CPU
	EndGlobalSection
	GlobalSection(SolutionProperties) = preSolution
		HideSolutionNode = FALSE
	EndGlobalSection
	GlobalSection(ExtensibilityGlobals) = postSolution
		SolutionGuid = {5717604C-9A5C-4C8E-B167-0523825C3C09}
	EndGlobalSection
EndGlobal
