
Microsoft Visual Studio Solution File, Format Version 12.00
# Visual Studio 15
VisualStudioVersion = 15.0.27703.2035
MinimumVisualStudioVersion = 10.0.40219.1
Project("{FAE04EC0-301F-11D3-BF4B-00C04F79EFBC}") = "FirstGame", "FirstGame\FirstGame.csproj", "{D8B10377-EC18-4DB6-8A5B-6E89C0F38EB2}"
EndProject
Global
	GlobalSection(SolutionConfigurationPlatforms) = preSolution
		Debug|Any CPU = Debug|Any CPU
		Release|Any CPU = Release|Any CPU
	EndGlobalSection
	GlobalSection(ProjectConfigurationPlatforms) = postSolution
		{D8B10377-EC18-4DB6-8A5B-6E89C0F38EB2}.Debug|Any CPU.ActiveCfg = Debug|Any CPU
		{D8B10377-EC18-4DB6-8A5B-6E89C0F38EB2}.Debug|Any CPU.Build.0 = Debug|Any CPU
		{D8B10377-EC18-4DB6-8A5B-6E89C0F38EB2}.Release|Any CPU.ActiveCfg = Release|Any CPU
		{D8B10377-EC18-4DB6-8A5B-6E89C0F38EB2}.Release|Any CPU.Build.0 = Release|Any CPU
	EndGlobalSection
	GlobalSection(SolutionProperties) = preSolution
		HideSolutionNode = FALSE
	EndGlobalSection
	GlobalSection(ExtensibilityGlobals) = postSolution
		SolutionGuid = {77CC1ECE-D356-43DB-812D-96748D0C66D1}
	EndGlobalSection
EndGlobal
