
Microsoft Visual Studio Solution File, Format Version 12.00
# Visual Studio 15
VisualStudioVersion = 15.0.28307.168
MinimumVisualStudioVersion = 10.0.40219.1
Project("{FAE04EC0-301F-11D3-BF4B-00C04F79EFBC}") = "StaticBackground", "StaticBackground\StaticBackground.csproj", "{170ED20B-C9F3-4878-B313-0A7D2AAFED9A}"
EndProject
Global
	GlobalSection(SolutionConfigurationPlatforms) = preSolution
		Debug|Any CPU = Debug|Any CPU
		Release|Any CPU = Release|Any CPU
	EndGlobalSection
	GlobalSection(ProjectConfigurationPlatforms) = postSolution
		{170ED20B-C9F3-4878-B313-0A7D2AAFED9A}.Debug|Any CPU.ActiveCfg = Debug|Any CPU
		{170ED20B-C9F3-4878-B313-0A7D2AAFED9A}.Debug|Any CPU.Build.0 = Debug|Any CPU
		{170ED20B-C9F3-4878-B313-0A7D2AAFED9A}.Release|Any CPU.ActiveCfg = Release|Any CPU
		{170ED20B-C9F3-4878-B313-0A7D2AAFED9A}.Release|Any CPU.Build.0 = Release|Any CPU
	EndGlobalSection
	GlobalSection(SolutionProperties) = preSolution
		HideSolutionNode = FALSE
	EndGlobalSection
	GlobalSection(ExtensibilityGlobals) = postSolution
		SolutionGuid = {26674C6D-89E2-4BDF-83F5-209281D45EF0}
	EndGlobalSection
EndGlobal
