
Microsoft Visual Studio Solution File, Format Version 12.00
# Visual Studio 2012
Project("{FAE04EC0-301F-11D3-BF4B-00C04F79EFBC}") = "FlappyBird_new", "FlappyBird_new\FlappyBird_new.csproj", "{2A43E069-9245-409A-B8C6-6343A65129DF}"
EndProject
Global
	GlobalSection(SolutionConfigurationPlatforms) = preSolution
		Debug|x86 = Debug|x86
		Release|x86 = Release|x86
	EndGlobalSection
	GlobalSection(ProjectConfigurationPlatforms) = postSolution
		{2A43E069-9245-409A-B8C6-6343A65129DF}.Debug|x86.ActiveCfg = Debug|x86
		{2A43E069-9245-409A-B8C6-6343A65129DF}.Debug|x86.Build.0 = Debug|x86
		{2A43E069-9245-409A-B8C6-6343A65129DF}.Release|x86.ActiveCfg = Release|x86
		{2A43E069-9245-409A-B8C6-6343A65129DF}.Release|x86.Build.0 = Release|x86
	EndGlobalSection
	GlobalSection(SolutionProperties) = preSolution
		HideSolutionNode = FALSE
	EndGlobalSection
EndGlobal
